
Microsoft Visual Studio Solution File, Format Version 12.00
# Visual Studio 15
VisualStudioVersion = 15.0.26730.15
MinimumVisualStudioVersion = 10.0.40219.1
Project("{FAE04EC0-301F-11D3-BF4B-00C04F79EFBC}") = "XDesign", "src\XDesign\XDesign.csproj", "{A640CBCD-6E5F-42DC-A485-2704B3BD77A6}"
	ProjectSection(ProjectDependencies) = postProject
		{494BA12C-8BB8-4093-84ED-C23F173171B2} = {494BA12C-8BB8-4093-84ED-C23F173171B2}
	EndProjectSection
EndProject
Project("{8BC9CEB8-8B4A-11D0-8D11-00A0C91BC942}") = "NativeUtil", "src\NativeUtil\NativeUtil.vcxproj", "{494BA12C-8BB8-4093-84ED-C23F173171B2}"
EndProject
Global
	GlobalSection(SolutionConfigurationPlatforms) = preSolution
		Debug|x64 = Debug|x64
		Debug|x86 = Debug|x86
		Release|x64 = Release|x64
		Release|x86 = Release|x86
	EndGlobalSection
	GlobalSection(ProjectConfigurationPlatforms) = postSolution
		{A640CBCD-6E5F-42DC-A485-2704B3BD77A6}.Debug|x64.ActiveCfg = Debug|x64
		{A640CBCD-6E5F-42DC-A485-2704B3BD77A6}.Debug|x64.Build.0 = Debug|x64
		{A640CBCD-6E5F-42DC-A485-2704B3BD77A6}.Debug|x86.ActiveCfg = Debug|x64
		{A640CBCD-6E5F-42DC-A485-2704B3BD77A6}.Release|x64.ActiveCfg = Release|x64
		{A640CBCD-6E5F-42DC-A485-2704B3BD77A6}.Release|x64.Build.0 = Release|x64
		{A640CBCD-6E5F-42DC-A485-2704B3BD77A6}.Release|x86.ActiveCfg = Release|x64
		{494BA12C-8BB8-4093-84ED-C23F173171B2}.Debug|x64.ActiveCfg = Debug|x64
		{494BA12C-8BB8-4093-84ED-C23F173171B2}.Debug|x64.Build.0 = Debug|x64
		{494BA12C-8BB8-4093-84ED-C23F173171B2}.Debug|x86.ActiveCfg = Debug|Win32
		{494BA12C-8BB8-4093-84ED-C23F173171B2}.Debug|x86.Build.0 = Debug|Win32
		{494BA12C-8BB8-4093-84ED-C23F173171B2}.Release|x64.ActiveCfg = Release|x64
		{494BA12C-8BB8-4093-84ED-C23F173171B2}.Release|x64.Build.0 = Release|x64
		{494BA12C-8BB8-4093-84ED-C23F173171B2}.Release|x86.ActiveCfg = Release|Win32
		{494BA12C-8BB8-4093-84ED-C23F173171B2}.Release|x86.Build.0 = Release|Win32
	EndGlobalSection
	GlobalSection(SolutionProperties) = preSolution
		HideSolutionNode = FALSE
	EndGlobalSection
	GlobalSection(ExtensibilityGlobals) = postSolution
		SolutionGuid = {EA61DF35-C456-4697-ADE9-8016846D3FBC}
	EndGlobalSection
EndGlobal
